
Microsoft Visual Studio Solution File, Format Version 12.00
# Visual Studio Version 16
VisualStudioVersion = 16.0.31321.278
MinimumVisualStudioVersion = 10.0.40219.1
Project("{9A19103F-16F7-4668-BE54-9A1E7A4F7556}") = "RankUp", "RankUp\RankUp.csproj", "{CFD28F90-7674-4038-A693-E85542D486EE}"
EndProject
Global
	GlobalSection(SolutionConfigurationPlatforms) = preSolution
		Debug|Any CPU = Debug|Any CPU
		Release|Any CPU = Release|Any CPU
	EndGlobalSection
	GlobalSection(ProjectConfigurationPlatforms) = postSolution
		{CFD28F90-7674-4038-A693-E85542D486EE}.Debug|Any CPU.ActiveCfg = Debug|Any CPU
		{CFD28F90-7674-4038-A693-E85542D486EE}.Debug|Any CPU.Build.0 = Debug|Any CPU
		{CFD28F90-7674-4038-A693-E85542D486EE}.Release|Any CPU.ActiveCfg = Release|Any CPU
		{CFD28F90-7674-4038-A693-E85542D486EE}.Release|Any CPU.Build.0 = Release|Any CPU
	EndGlobalSection
	GlobalSection(SolutionProperties) = preSolution
		HideSolutionNode = FALSE
	EndGlobalSection
	GlobalSection(ExtensibilityGlobals) = postSolution
		SolutionGuid = {4F3E26D2-5CED-42BC-A1AD-D0AE5B14952E}
	EndGlobalSection
EndGlobal
